Microsoft Visual Studio Solution File, Format Version 12.00
# Visual Studio Version 17
VisualStudioVersion = 17.5.2.0
MinimumVisualStudioVersion = 10.0.40219.1
Project("{FAE04EC0-301F-11D3-BF4B-00C04F79EFBC}") = "MiPrimerAppMVC", "MiPrimerAppMVC.csproj", "{32C4037D-B6F3-F468-FC07-F5E3019BEA5D}"
EndProject
Global
	GlobalSection(SolutionConfigurationPlatforms) = preSolution
		Debug|Any CPU = Debug|Any CPU
		Release|Any CPU = Release|Any CPU
	EndGlobalSection
	GlobalSection(ProjectConfigurationPlatforms) = postSolution
		{32C4037D-B6F3-F468-FC07-F5E3019BEA5D}.Debug|Any CPU.ActiveCfg = Debug|Any CPU
		{32C4037D-B6F3-F468-FC07-F5E3019BEA5D}.Debug|Any CPU.Build.0 = Debug|Any CPU
		{32C4037D-B6F3-F468-FC07-F5E3019BEA5D}.Release|Any CPU.ActiveCfg = Release|Any CPU
		{32C4037D-B6F3-F468-FC07-F5E3019BEA5D}.Release|Any CPU.Build.0 = Release|Any CPU
	EndGlobalSection
	GlobalSection(SolutionProperties) = preSolution
		HideSolutionNode = FALSE
	EndGlobalSection
	GlobalSection(ExtensibilityGlobals) = postSolution
		SolutionGuid = {1E6A3017-1D6B-4C98-B283-F3E56E63B571}
	EndGlobalSection
EndGlobal
